// !$*UTF8*$!
{
	archiveVersion = 1;
	classes = {
	};
	objectVersion = 77;
	objects = {

/* Begin PBXBuildFile section */
		561ED4BF2E76AD5B006185FF /* ContentView.swift in Sources */ = {isa = PBXBuildFile; fileRef = 561ED4BE2E76AD5B006185FF /* ContentView.swift */; };
		561ED4D32E76B035006185FF /* DBModels.swift in Sources */ = {isa = PBXBuildFile; fileRef = 561ED4D22E76B027006185FF /* DBModels.swift */; };
		56ABBDBC2E76C267002D40C0 /* SupabaseClient+Factory.swift in Sources */ = {isa = PBXBuildFile; fileRef = 56ABBDBB2E76C267002D40C0 /* SupabaseClient+Factory.swift */; };
		56ABBDBD2E76C267002D40C0 /* AppState.swift in Sources */ = {isa = PBXBuildFile; fileRef = 56ABBDB82E76C267002D40C0 /* AppState.swift */; };
		56ABBDBE2E76C267002D40C0 /* AppModels.swift in Sources */ = {isa = PBXBuildFile; fileRef = 56ABBDB72E76C267002D40C0 /* AppModels.swift */; };
		56ABBDBF2E76C267002D40C0 /* Mapping.swift in Sources */ = {isa = PBXBuildFile; fileRef = 56ABBDB92E76C267002D40C0 /* Mapping.swift */; };
		56ABBDC02E76C267002D40C0 /* Repositories.swift in Sources */ = {isa = PBXBuildFile; fileRef = 56ABBDBA2E76C267002D40C0 /* Repositories.swift */; };
		56ABBDC52E76C2A5002D40C0 /* RecipeDetailView.swift in Sources */ = {isa = PBXBuildFile; fileRef = 56ABBDC32E76C2A5002D40C0 /* RecipeDetailView.swift */; };
		56ABBDC62E76C2A5002D40C0 /* RecipesView.swift in Sources */ = {isa = PBXBuildFile; fileRef = 56ABBDC42E76C2A5002D40C0 /* RecipesView.swift */; };
		56ABBDC82E76C2B7002D40C0 /* PlanningView.swift in Sources */ = {isa = PBXBuildFile; fileRef = 56ABBDC72E76C2B7002D40C0 /* PlanningView.swift */; };
		56ABBDCB2E76C2FE002D40C0 /* Supabase in Frameworks */ = {isa = PBXBuildFile; productRef = 56ABBDCA2E76C2FE002D40C0 /* Supabase */; };
		56ABBDCF2E7747AF002D40C0 /* RecipeCardView.swift in Sources */ = {isa = PBXBuildFile; fileRef = 56ABBDCE2E7747AC002D40C0 /* RecipeCardView.swift */; };
		56ABBDE52E7C8DF0002D40C0 /* MealPlanneriOSApp.swift in Sources */ = {isa = PBXBuildFile; fileRef = 56ABBDE42E7C8DED002D40C0 /* MealPlanneriOSApp.swift */; };
		56ABBDE72E7C8E10002D40C0 /* ContentView.swift in Sources */ = {isa = PBXBuildFile; fileRef = 56ABBDE62E7C8E0C002D40C0 /* ContentView.swift */; };
		56ABBDE92E7C8E67002D40C0 /* Repositories.swift in Sources */ = {isa = PBXBuildFile; fileRef = 56ABBDE82E7C8E65002D40C0 /* Repositories.swift */; };
		56ABBDEB2E7C8E82002D40C0 /* ImageURLBuilder.swift in Sources */ = {isa = PBXBuildFile; fileRef = 56ABBDEA2E7C8E80002D40C0 /* ImageURLBuilder.swift */; };
		56ABBDED2E7C8EAA002D40C0 /* DBModels.swift in Sources */ = {isa = PBXBuildFile; fileRef = 56ABBDEC2E7C8EA8002D40C0 /* DBModels.swift */; };
/* End PBXBuildFile section */

/* Begin PBXFileReference section */
		561ED4B92E76AD5B006185FF /* MealPlanneriOS.app */ = {isa = PBXFileReference; explicitFileType = wrapper.application; includeInIndex = 0; path = MealPlanneriOS.app; sourceTree = BUILT_PRODUCTS_DIR; };
		561ED4BE2E76AD5B006185FF /* ContentView.swift */ = {isa = PBXFileReference; lastKnownFileType = sourcecode.swift; path = ContentView.swift; sourceTree = "<group>"; };
		561ED4D22E76B027006185FF /* DBModels.swift */ = {isa = PBXFileReference; lastKnownFileType = sourcecode.swift; path = DBModels.swift; sourceTree = "<group>"; };
		56ABBDB72E76C267002D40C0 /* AppModels.swift */ = {isa = PBXFileReference; lastKnownFileType = sourcecode.swift; path = AppModels.swift; sourceTree = "<group>"; };
		56ABBDB82E76C267002D40C0 /* AppState.swift */ = {isa = PBXFileReference; lastKnownFileType = sourcecode.swift; path = AppState.swift; sourceTree = "<group>"; };
		56ABBDB92E76C267002D40C0 /* Mapping.swift */ = {isa = PBXFileReference; lastKnownFileType = sourcecode.swift; path = Mapping.swift; sourceTree = "<group>"; };
		56ABBDBA2E76C267002D40C0 /* Repositories.swift */ = {isa = PBXFileReference; lastKnownFileType = sourcecode.swift; path = Repositories.swift; sourceTree = "<group>"; };
		56ABBDBB2E76C267002D40C0 /* SupabaseClient+Factory.swift */ = {isa = PBXFileReference; lastKnownFileType = sourcecode.swift; path = "SupabaseClient+Factory.swift"; sourceTree = "<group>"; };
		56ABBDC32E76C2A5002D40C0 /* RecipeDetailView.swift */ = {isa = PBXFileReference; lastKnownFileType = sourcecode.swift; path = RecipeDetailView.swift; sourceTree = "<group>"; };
		56ABBDC42E76C2A5002D40C0 /* RecipesView.swift */ = {isa = PBXFileReference; lastKnownFileType = sourcecode.swift; path = RecipesView.swift; sourceTree = "<group>"; };
		56ABBDC72E76C2B7002D40C0 /* PlanningView.swift */ = {isa = PBXFileReference; lastKnownFileType = sourcecode.swift; path = PlanningView.swift; sourceTree = "<group>"; };
		56ABBDCE2E7747AC002D40C0 /* RecipeCardView.swift */ = {isa = PBXFileReference; lastKnownFileType = sourcecode.swift; path = RecipeCardView.swift; sourceTree = "<group>"; };
		56ABBDE42E7C8DED002D40C0 /* MealPlanneriOSApp.swift */ = {isa = PBXFileReference; lastKnownFileType = sourcecode.swift; path = MealPlanneriOSApp.swift; sourceTree = "<group>"; };
		56ABBDE62E7C8E0C002D40C0 /* ContentView.swift */ = {isa = PBXFileReference; lastKnownFileType = sourcecode.swift; path = ContentView.swift; sourceTree = "<group>"; };
		56ABBDE82E7C8E65002D40C0 /* Repositories.swift */ = {isa = PBXFileReference; lastKnownFileType = sourcecode.swift; path = Repositories.swift; sourceTree = "<group>"; };
		56ABBDEA2E7C8E80002D40C0 /* ImageURLBuilder.swift */ = {isa = PBXFileReference; lastKnownFileType = sourcecode.swift; path = ImageURLBuilder.swift; sourceTree = "<group>"; };
		56ABBDEC2E7C8EA8002D40C0 /* DBModels.swift */ = {isa = PBXFileReference; lastKnownFileType = sourcecode.swift; path = DBModels.swift; sourceTree = "<group>"; };
/* End PBXFileReference section */

/* Begin PBXFileSystemSynchronizedRootGroup section */
		56ABBDF42E7C8F72002D40C0 /* Shopping */ = {
			isa = PBXFileSystemSynchronizedRootGroup;
			path = Shopping;
			sourceTree = "<group>";
		};
/* End PBXFileSystemSynchronizedRootGroup section */

/* Begin PBXFrameworksBuildPhase section */
		561ED4B62E76AD5B006185FF /* Frameworks */ = {
			isa = PBXFrameworksBuildPhase;
			buildActionMask = 2147483647;
			files = (
				56ABBDCB2E76C2FE002D40C0 /* Supabase in Frameworks */,
			);
			runOnlyForDeploymentPostprocessing = 0;
		};
/* End PBXFrameworksBuildPhase section */

/* Begin PBXGroup section */
		561ED4B02E76AD5B006185FF = {
			isa = PBXGroup;
			children = (
				561ED4CF2E76AE31006185FF /* Sources */,
				561ED4BA2E76AD5B006185FF /* Products */,
			);
			sourceTree = "<group>";
		};
		561ED4BA2E76AD5B006185FF /* Products */ = {
			isa = PBXGroup;
			children = (
				561ED4B92E76AD5B006185FF /* MealPlanneriOS.app */,
			);
			name = Products;
			sourceTree = "<group>";
		};
		561ED4C72E76AE31006185FF /* App */ = {
			isa = PBXGroup;
			children = (
				56ABBDE82E7C8E65002D40C0 /* Repositories.swift */,
				56ABBDE62E7C8E0C002D40C0 /* ContentView.swift */,
				56ABBDE42E7C8DED002D40C0 /* MealPlanneriOSApp.swift */,
				561ED4BE2E76AD5B006185FF /* ContentView.swift */,
				56ABBDB72E76C267002D40C0 /* AppModels.swift */,
				56ABBDB82E76C267002D40C0 /* AppState.swift */,
				56ABBDB92E76C267002D40C0 /* Mapping.swift */,
				56ABBDBA2E76C267002D40C0 /* Repositories.swift */,
				56ABBDBB2E76C267002D40C0 /* SupabaseClient+Factory.swift */,
			);
			path = App;
			sourceTree = "<group>";
		};
		561ED4C82E76AE31006185FF /* Core */ = {
			isa = PBXGroup;
			children = (
				56ABBDEC2E7C8EA8002D40C0 /* DBModels.swift */,
				56ABBDEA2E7C8E80002D40C0 /* ImageURLBuilder.swift */,
				561ED4D22E76B027006185FF /* DBModels.swift */,
			);
			path = Core;
			sourceTree = "<group>";
		};
		561ED4C92E76AE31006185FF /* Planning */ = {
			isa = PBXGroup;
			children = (
				56ABBDC72E76C2B7002D40C0 /* PlanningView.swift */,
			);
			path = Planning;
			sourceTree = "<group>";
		};
		561ED4CA2E76AE31006185FF /* Recipes */ = {
			isa = PBXGroup;
			children = (
				56ABBDCE2E7747AC002D40C0 /* RecipeCardView.swift */,
				56ABBDC32E76C2A5002D40C0 /* RecipeDetailView.swift */,
				56ABBDC42E76C2A5002D40C0 /* RecipesView.swift */,
			);
			path = Recipes;
			sourceTree = "<group>";
		};
		561ED4CC2E76AE31006185FF /* Features */ = {
			isa = PBXGroup;
			children = (
				56ABBDF42E7C8F72002D40C0 /* Shopping */,
				561ED4C92E76AE31006185FF /* Planning */,
				561ED4CA2E76AE31006185FF /* Recipes */,
			);
			path = Features;
			sourceTree = "<group>";
		};
		561ED4CD2E76AE31006185FF /* Resources */ = {
			isa = PBXGroup;
			children = (
			);
			path = Resources;
			sourceTree = "<group>";
		};
		561ED4CE2E76AE31006185FF /* SharedUI */ = {
			isa = PBXGroup;
			children = (
			);
			path = SharedUI;
			sourceTree = "<group>";
		};
		561ED4CF2E76AE31006185FF /* Sources */ = {
			isa = PBXGroup;
			children = (
				561ED4C72E76AE31006185FF /* App */,
				561ED4C82E76AE31006185FF /* Core */,
				561ED4CC2E76AE31006185FF /* Features */,
				561ED4CD2E76AE31006185FF /* Resources */,
				561ED4CE2E76AE31006185FF /* SharedUI */,
			);
			path = Sources;
			sourceTree = "<group>";
		};
/* End PBXGroup section */

/* Begin PBXNativeTarget section */
		561ED4B82E76AD5B006185FF /* MealPlanneriOS */ = {
			isa = PBXNativeTarget;
			buildConfigurationList = 561ED4C42E76AD5E006185FF /* Build configuration list for PBXNativeTarget "MealPlanneriOS" */;
			buildPhases = (
				561ED4B52E76AD5B006185FF /* Sources */,
				561ED4B62E76AD5B006185FF /* Frameworks */,
				561ED4B72E76AD5B006185FF /* Resources */,
			);
			buildRules = (
			);
			dependencies = (
			);
			fileSystemSynchronizedGroups = (
				56ABBDF42E7C8F72002D40C0 /* Shopping */,
			);
			name = MealPlanneriOS;
			packageProductDependencies = (
				56ABBDCA2E76C2FE002D40C0 /* Supabase */,
			);
			productName = MealPlanneriOS;
			productReference = 561ED4B92E76AD5B006185FF /* MealPlanneriOS.app */;
			productType = "com.apple.product-type.application";
		};
/* End PBXNativeTarget section */

/* Begin PBXProject section */
		561ED4B12E76AD5B006185FF /* Project object */ = {
			isa = PBXProject;
			attributes = {
				BuildIndependentTargetsInParallel = 1;
				LastSwiftUpdateCheck = 1640;
				LastUpgradeCheck = 1640;
				TargetAttributes = {
					561ED4B82E76AD5B006185FF = {
						CreatedOnToolsVersion = 16.4;
					};
				};
			};
			buildConfigurationList = 561ED4B42E76AD5B006185FF /* Build configuration list for PBXProject "MealPlanneriOS" */;
			developmentRegion = en;
			hasScannedForEncodings = 0;
			knownRegions = (
				en,
				Base,
			);
			mainGroup = 561ED4B02E76AD5B006185FF;
			minimizedProjectReferenceProxies = 1;
			packageReferences = (
				56ABBDC92E76C2FE002D40C0 /* XCRemoteSwiftPackageReference "supabase-swift" */,
			);
			preferredProjectObjectVersion = 77;
			productRefGroup = 561ED4BA2E76AD5B006185FF /* Products */;
			projectDirPath = "";
			projectRoot = "";
			targets = (
				561ED4B82E76AD5B006185FF /* MealPlanneriOS */,
			);
		};
/* End PBXProject section */

/* Begin PBXResourcesBuildPhase section */
		561ED4B72E76AD5B006185FF /* Resources */ = {
			isa = PBXResourcesBuildPhase;
			buildActionMask = 2147483647;
			files = (
			);
			runOnlyForDeploymentPostprocessing = 0;
		};
/* End PBXResourcesBuildPhase section */

/* Begin PBXSourcesBuildPhase section */
		561ED4B52E76AD5B006185FF /* Sources */ = {
			isa = PBXSourcesBuildPhase;
			buildActionMask = 2147483647;
			files = (
				56ABBDCF2E7747AF002D40C0 /* RecipeCardView.swift in Sources */,
				56ABBDBC2E76C267002D40C0 /* SupabaseClient+Factory.swift in Sources */,
				56ABBDBD2E76C267002D40C0 /* AppState.swift in Sources */,
				56ABBDC82E76C2B7002D40C0 /* PlanningView.swift in Sources */,
				56ABBDC52E76C2A5002D40C0 /* RecipeDetailView.swift in Sources */,
				56ABBDC62E76C2A5002D40C0 /* RecipesView.swift in Sources */,
				56ABBDBE2E76C267002D40C0 /* AppModels.swift in Sources */,
				56ABBDBF2E76C267002D40C0 /* Mapping.swift in Sources */,
				56ABBDEB2E7C8E82002D40C0 /* ImageURLBuilder.swift in Sources */,
				56ABBDE52E7C8DF0002D40C0 /* MealPlanneriOSApp.swift in Sources */,
				56ABBDC02E76C267002D40C0 /* Repositories.swift in Sources */,
				56ABBDE72E7C8E10002D40C0 /* ContentView.swift in Sources */,
				561ED4BF2E76AD5B006185FF /* ContentView.swift in Sources */,
				561ED4D32E76B035006185FF /* DBModels.swift in Sources */,
				56ABBDED2E7C8EAA002D40C0 /* DBModels.swift in Sources */,
				56ABBDE92E7C8E67002D40C0 /* Repositories.swift in Sources */,
			);
			runOnlyForDeploymentPostprocessing = 0;
		};
/* End PBXSourcesBuildPhase section */

/* Begin XCBuildConfiguration section */
		561ED4C22E76AD5E006185FF /* Debug */ = {
			isa = XCBuildConfiguration;
			buildSettings = {
				ALWAYS_SEARCH_USER_PATHS = NO;
				ASSETCATALOG_COMPILER_GENERATE_SWIFT_ASSET_SYMBOL_EXTENSIONS = YES;
				CLANG_ANALYZER_NONNULL = YES;
				CLANG_ANALYZER_NUMBER_OBJECT_CONVERSION = YES_AGGRESSIVE;
				CLANG_CXX_LANGUAGE_STANDARD = "gnu++20";
				CLANG_ENABLE_MODULES = YES;
				CLANG_ENABLE_OBJC_ARC = YES;
				CLANG_ENABLE_OBJC_WEAK = YES;
				CLANG_WARN_BLOCK_CAPTURE_AUTORELEASING = YES;
				CLANG_WARN_BOOL_CONVERSION = YES;
				CLANG_WARN_COMMA = YES;
				CLANG_WARN_CONSTANT_CONVERSION = YES;
				CLANG_WARN_DEPRECATED_OBJC_IMPLEMENTATIONS = YES;
				CLANG_WARN_DIRECT_OBJC_ISA_USAGE = YES_ERROR;
				CLANG_WARN_DOCUMENTATION_COMMENTS = YES;
				CLANG_WARN_EMPTY_BODY = YES;
				CLANG_WARN_ENUM_CONVERSION = YES;
				CLANG_WARN_INFINITE_RECURSION = YES;
				CLANG_WARN_INT_CONVERSION = YES;
				CLANG_WARN_NON_LITERAL_NULL_CONVERSION = YES;
				CLANG_WARN_OBJC_IMPLICIT_RETAIN_SELF = YES;
				CLANG_WARN_OBJC_LITERAL_CONVERSION = YES;
				CLANG_WARN_OBJC_ROOT_CLASS = YES_ERROR;
				CLANG_WARN_QUOTED_INCLUDE_IN_FRAMEWORK_HEADER = YES;
				CLANG_WARN_RANGE_LOOP_ANALYSIS = YES;
				CLANG_WARN_STRICT_PROTOTYPES = YES;
				CLANG_WARN_SUSPICIOUS_MOVE = YES;
				CLANG_WARN_UNGUARDED_AVAILABILITY = YES_AGGRESSIVE;
				CLANG_WARN_UNREACHABLE_CODE = YES;
				CLANG_WARN__DUPLICATE_METHOD_MATCH = YES;
				COPY_PHASE_STRIP = NO;
				DEBUG_INFORMATION_FORMAT = dwarf;
				ENABLE_STRICT_OBJC_MSGSEND = YES;
				ENABLE_TESTABILITY = YES;
				ENABLE_USER_SCRIPT_SANDBOXING = YES;
				GCC_C_LANGUAGE_STANDARD = gnu17;
				GCC_DYNAMIC_NO_PIC = NO;
				GCC_NO_COMMON_BLOCKS = YES;
				GCC_OPTIMIZATION_LEVEL = 0;
				GCC_PREPROCESSOR_DEFINITIONS = (
					"DEBUG=1",
					"$(inherited)",
				);
				GCC_WARN_64_TO_32_BIT_CONVERSION = YES;
				GCC_WARN_ABOUT_RETURN_TYPE = YES_ERROR;
				GCC_WARN_UNDECLARED_SELECTOR = YES;
				GCC_WARN_UNINITIALIZED_AUTOS = YES_AGGRESSIVE;
				GCC_WARN_UNUSED_FUNCTION = YES;
				GCC_WARN_UNUSED_VARIABLE = YES;
				IPHONEOS_DEPLOYMENT_TARGET = 18.5;
				LOCALIZATION_PREFERS_STRING_CATALOGS = YES;
				MTL_ENABLE_DEBUG_INFO = INCLUDE_SOURCE;
				MTL_FAST_MATH = YES;
				ONLY_ACTIVE_ARCH = YES;
				SDKROOT = iphoneos;
				SWIFT_ACTIVE_COMPILATION_CONDITIONS = "DEBUG $(inherited)";
				SWIFT_OPTIMIZATION_LEVEL = "-Onone";
			};
			name = Debug;
		};
		561ED4C32E76AD5E006185FF /* Release */ = {
			isa = XCBuildConfiguration;
			buildSettings = {
				ALWAYS_SEARCH_USER_PATHS = NO;
				ASSETCATALOG_COMPILER_GENERATE_SWIFT_ASSET_SYMBOL_EXTENSIONS = YES;
				CLANG_ANALYZER_NONNULL = YES;
				CLANG_ANALYZER_NUMBER_OBJECT_CONVERSION = YES_AGGRESSIVE;
				CLANG_CXX_LANGUAGE_STANDARD = "gnu++20";
				CLANG_ENABLE_MODULES = YES;
				CLANG_ENABLE_OBJC_ARC = YES;
				CLANG_ENABLE_OBJC_WEAK = YES;
				CLANG_WARN_BLOCK_CAPTURE_AUTORELEASING = YES;
				CLANG_WARN_BOOL_CONVERSION = YES;
				CLANG_WARN_COMMA = YES;
				CLANG_WARN_CONSTANT_CONVERSION = YES;
				CLANG_WARN_DEPRECATED_OBJC_IMPLEMENTATIONS = YES;
				CLANG_WARN_DIRECT_OBJC_ISA_USAGE = YES_ERROR;
				CLANG_WARN_DOCUMENTATION_COMMENTS = YES;
				CLANG_WARN_EMPTY_BODY = YES;
				CLANG_WARN_ENUM_CONVERSION = YES;
				CLANG_WARN_INFINITE_RECURSION = YES;
				CLANG_WARN_INT_CONVERSION = YES;
				CLANG_WARN_NON_LITERAL_NULL_CONVERSION = YES;
				CLANG_WARN_OBJC_IMPLICIT_RETAIN_SELF = YES;
				CLANG_WARN_OBJC_LITERAL_CONVERSION = YES;
				CLANG_WARN_OBJC_ROOT_CLASS = YES_ERROR;
				CLANG_WARN_QUOTED_INCLUDE_IN_FRAMEWORK_HEADER = YES;
				CLANG_WARN_RANGE_LOOP_ANALYSIS = YES;
				CLANG_WARN_STRICT_PROTOTYPES = YES;
				CLANG_WARN_SUSPICIOUS_MOVE = YES;
				CLANG_WARN_UNGUARDED_AVAILABILITY = YES_AGGRESSIVE;
				CLANG_WARN_UNREACHABLE_CODE = YES;
				CLANG_WARN__DUPLICATE_METHOD_MATCH = YES;
				COPY_PHASE_STRIP = NO;
				DEBUG_INFORMATION_FORMAT = "dwarf-with-dsym";
				ENABLE_NS_ASSERTIONS = NO;
				ENABLE_STRICT_OBJC_MSGSEND = YES;
				ENABLE_USER_SCRIPT_SANDBOXING = YES;
				GCC_C_LANGUAGE_STANDARD = gnu17;
				GCC_NO_COMMON_BLOCKS = YES;
				GCC_WARN_64_TO_32_BIT_CONVERSION = YES;
				GCC_WARN_ABOUT_RETURN_TYPE = YES_ERROR;
				GCC_WARN_UNDECLARED_SELECTOR = YES;
				GCC_WARN_UNINITIALIZED_AUTOS = YES_AGGRESSIVE;
				GCC_WARN_UNUSED_FUNCTION = YES;
				GCC_WARN_UNUSED_VARIABLE = YES;
				IPHONEOS_DEPLOYMENT_TARGET = 18.5;
				LOCALIZATION_PREFERS_STRING_CATALOGS = YES;
				MTL_ENABLE_DEBUG_INFO = NO;
				MTL_FAST_MATH = YES;
				SDKROOT = iphoneos;
				SWIFT_COMPILATION_MODE = wholemodule;
				VALIDATE_PRODUCT = YES;
			};
			name = Release;
		};
		561ED4C52E76AD5E006185FF /* Debug */ = {
			isa = XCBuildConfiguration;
			buildSettings = {
				ASSETCATALOG_COMPILER_APPICON_NAME = AppIcon;
				ASSETCATALOG_COMPILER_GLOBAL_ACCENT_COLOR_NAME = AccentColor;
				CODE_SIGN_STYLE = Automatic;
				CURRENT_PROJECT_VERSION = 1;
				ENABLE_PREVIEWS = YES;
				GENERATE_INFOPLIST_FILE = YES;
				INFOPLIST_FILE = MealPlanneriOS/Info.plist;
				INFOPLIST_KEY_UIApplicationSceneManifest_Generation = YES;
				INFOPLIST_KEY_UIApplicationSupportsIndirectInputEvents = YES;
				INFOPLIST_KEY_UILaunchScreen_Generation = YES;
				INFOPLIST_KEY_UISupportedInterfaceOrientations_iPad = "UIInterfaceOrientationPortrait UIInterfaceOrientationPortraitUpsideDown UIInterfaceOrientationLandscapeLeft UIInterfaceOrientationLandscapeRight";
				INFOPLIST_KEY_UISupportedInterfaceOrientations_iPhone = "UIInterfaceOrientationPortrait UIInterfaceOrientationLandscapeLeft UIInterfaceOrientationLandscapeRight";
				LD_RUNPATH_SEARCH_PATHS = (
					"$(inherited)",
					"@executable_path/Frameworks",
				);
				MARKETING_VERSION = 1.0;
				NEW_SETTING = "";
				PRODUCT_BUNDLE_IDENTIFIER = theonam.MealPlanneriOS;
				PRODUCT_NAME = "$(TARGET_NAME)";
				SUPABASE_ANON_KEY = "eyJhbGciOiJIUzI1NiIsInR5cCI6IkpXVCJ9.eyJpc3MiOiJzdXBhYmFzZSIsInJlZiI6ImN3bHlyY2l3c3ZlY3R4anNyeG90Iiwicm9sZSI6ImFub24iLCJpYXQiOjE3NTc1NzAyNzQsImV4cCI6MjA3MzE0NjI3NH0.jMXz9bkN2sJoAC63-TfnKxlhf1UerTr1fPOF5hysrgU";
				SUPABASE_URL = "";
				"SUPABASE_URL[arch=*]" = "https://cwlyrciwsvectxjsrxot.supabase.co";
				SWIFT_EMIT_LOC_STRINGS = YES;
				SWIFT_VERSION = 5.0;
				TARGETED_DEVICE_FAMILY = "1,2";
			};
			name = Debug;
		};
		561ED4C62E76AD5E006185FF /* Release */ = {
			isa = XCBuildConfiguration;
			buildSettings = {
				ASSETCATALOG_COMPILER_APPICON_NAME = AppIcon;
				ASSETCATALOG_COMPILER_GLOBAL_ACCENT_COLOR_NAME = AccentColor;
				CODE_SIGN_STYLE = Automatic;
				CURRENT_PROJECT_VERSION = 1;
				ENABLE_PREVIEWS = YES;
				GENERATE_INFOPLIST_FILE = YES;
				INFOPLIST_FILE = MealPlanneriOS/Info.plist;
				INFOPLIST_KEY_UIApplicationSceneManifest_Generation = YES;
				INFOPLIST_KEY_UIApplicationSupportsIndirectInputEvents = YES;
				INFOPLIST_KEY_UILaunchScreen_Generation = YES;
				INFOPLIST_KEY_UISupportedInterfaceOrientations_iPad = "UIInterfaceOrientationPortrait UIInterfaceOrientationPortraitUpsideDown UIInterfaceOrientationLandscapeLeft UIInterfaceOrientationLandscapeRight";
				INFOPLIST_KEY_UISupportedInterfaceOrientations_iPhone = "UIInterfaceOrientationPortrait UIInterfaceOrientationLandscapeLeft UIInterfaceOrientationLandscapeRight";
				LD_RUNPATH_SEARCH_PATHS = (
					"$(inherited)",
					"@executable_path/Frameworks",
				);
				MARKETING_VERSION = 1.0;
				NEW_SETTING = "";
				PRODUCT_BUNDLE_IDENTIFIER = theonam.MealPlanneriOS;
				PRODUCT_NAME = "$(TARGET_NAME)";
				SUPABASE_ANON_KEY = "eyJhbGciOiJIUzI1NiIsInR5cCI6IkpXVCJ9.eyJpc3MiOiJzdXBhYmFzZSIsInJlZiI6ImN3bHlyY2l3c3ZlY3R4anNyeG90Iiwicm9sZSI6ImFub24iLCJpYXQiOjE3NTc1NzAyNzQsImV4cCI6MjA3MzE0NjI3NH0.jMXz9bkN2sJoAC63-TfnKxlhf1UerTr1fPOF5hysrgU";
				SUPABASE_URL = "";
				"SUPABASE_URL[arch=*]" = "https://cwlyrciwsvectxjsrxot.supabase.co";
				SWIFT_EMIT_LOC_STRINGS = YES;
				SWIFT_VERSION = 5.0;
				TARGETED_DEVICE_FAMILY = "1,2";
			};
			name = Release;
		};
/* End XCBuildConfiguration section */

/* Begin XCConfigurationList section */
		561ED4B42E76AD5B006185FF /* Build configuration list for PBXProject "MealPlanneriOS" */ = {
			isa = XCConfigurationList;
			buildConfigurations = (
				561ED4C22E76AD5E006185FF /* Debug */,
				561ED4C32E76AD5E006185FF /* Release */,
			);
			defaultConfigurationIsVisible = 0;
			defaultConfigurationName = Release;
		};
		561ED4C42E76AD5E006185FF /* Build configuration list for PBXNativeTarget "MealPlanneriOS" */ = {
			isa = XCConfigurationList;
			buildConfigurations = (
				561ED4C52E76AD5E006185FF /* Debug */,
				561ED4C62E76AD5E006185FF /* Release */,
			);
			defaultConfigurationIsVisible = 0;
			defaultConfigurationName = Release;
		};
/* End XCConfigurationList section */

/* Begin XCRemoteSwiftPackageReference section */
		56ABBDC92E76C2FE002D40C0 /* XCRemoteSwiftPackageReference "supabase-swift" */ = {
			isa = XCRemoteSwiftPackageReference;
			repositoryURL = "https://github.com/supabase-community/supabase-swift.git";
			requirement = {
				kind = upToNextMajorVersion;
				minimumVersion = 2.5.1;
			};
		};
/* End XCRemoteSwiftPackageReference section */

/* Begin XCSwiftPackageProductDependency section */
		56ABBDCA2E76C2FE002D40C0 /* Supabase */ = {
			isa = XCSwiftPackageProductDependency;
			package = 56ABBDC92E76C2FE002D40C0 /* XCRemoteSwiftPackageReference "supabase-swift" */;
			productName = Supabase;
		};
/* End XCSwiftPackageProductDependency section */
	};
	rootObject = 561ED4B12E76AD5B006185FF /* Project object */;
}
